
Microsoft Visual Studio Solution File, Format Version 12.00
# Visual Studio Version 16
VisualStudioVersion = 16.0.33529.622
MinimumVisualStudioVersion = 10.0.40219.1
Project("{FAE04EC0-301F-11D3-BF4B-00C04F79EFBC}") = "Practice", "Practice\Practice.csproj", "{543F46B2-3492-4153-9EC6-BFFDAE8670B0}"
EndProject
Global
	GlobalSection(SolutionConfigurationPlatforms) = preSolution
		Debug|Any CPU = Debug|Any CPU
		Release|Any CPU = Release|Any CPU
	EndGlobalSection
	GlobalSection(ProjectConfigurationPlatforms) = postSolution
		{543F46B2-3492-4153-9EC6-BFFDAE8670B0}.Debug|Any CPU.ActiveCfg = Debug|Any CPU
		{543F46B2-3492-4153-9EC6-BFFDAE8670B0}.Debug|Any CPU.Build.0 = Debug|Any CPU
		{543F46B2-3492-4153-9EC6-BFFDAE8670B0}.Release|Any CPU.ActiveCfg = Release|Any CPU
		{543F46B2-3492-4153-9EC6-BFFDAE8670B0}.Release|Any CPU.Build.0 = Release|Any CPU
	EndGlobalSection
	GlobalSection(SolutionProperties) = preSolution
		HideSolutionNode = FALSE
	EndGlobalSection
	GlobalSection(ExtensibilityGlobals) = postSolution
		SolutionGuid = {6D1218AF-8ECD-43EF-BC9A-5678253E0D35}
	EndGlobalSection
EndGlobal
